// !$*UTF8*$!
{
	archiveVersion = 1;
	classes = {
	};
	objectVersion = 46;
	objects = {

/* Begin PBXBuildFile section */
		84A322A518890276001D2F9E /* Foundation.framework in Frameworks */ = {isa = PBXBuildFile; fileRef = 84A322A418890276001D2F9E /* Foundation.framework */; };
		84A322A718890276001D2F9E /* CoreGraphics.framework in Frameworks */ = {isa = PBXBuildFile; fileRef = 84A322A618890276001D2F9E /* CoreGraphics.framework */; };
		84A322A918890276001D2F9E /* UIKit.framework in Frameworks */ = {isa = PBXBuildFile; fileRef = 84A322A818890276001D2F9E /* UIKit.framework */; };
		84A322AF18890276001D2F9E /* InfoPlist.strings in Resources */ = {isa = PBXBuildFile; fileRef = 84A322AD18890276001D2F9E /* InfoPlist.strings */; };
		84A322B118890276001D2F9E /* main.m in Sources */ = {isa = PBXBuildFile; fileRef = 84A322B018890276001D2F9E /* main.m */; };
		84A322B518890276001D2F9E /* PTNAppDelegate.m in Sources */ = {isa = PBXBuildFile; fileRef = 84A322B418890276001D2F9E /* PTNAppDelegate.m */; };
		84A322B818890276001D2F9E /* Main.storyboard in Resources */ = {isa = PBXBuildFile; fileRef = 84A322B618890276001D2F9E /* Main.storyboard */; };
		84A322BB18890276001D2F9E /* PTNViewController.m in Sources */ = {isa = PBXBuildFile; fileRef = 84A322BA18890276001D2F9E /* PTNViewController.m */; };
		84A322BD18890276001D2F9E /* Images.xcassets in Resources */ = {isa = PBXBuildFile; fileRef = 84A322BC18890276001D2F9E /* Images.xcassets */; };
		84A322C418890276001D2F9E /* XCTest.framework in Frameworks */ = {isa = PBXBuildFile; fileRef = 84A322C318890276001D2F9E /* XCTest.framework */; };
		84A322C518890276001D2F9E /* Foundation.framework in Frameworks */ = {isa = PBXBuildFile; fileRef = 84A322A418890276001D2F9E /* Foundation.framework */; };
		84A322C618890276001D2F9E /* UIKit.framework in Frameworks */ = {isa = PBXBuildFile; fileRef = 84A322A818890276001D2F9E /* UIKit.framework */; };
		84A322CE18890276001D2F9E /* InfoPlist.strings in Resources */ = {isa = PBXBuildFile; fileRef = 84A322CC18890276001D2F9E /* InfoPlist.strings */; };
		84A322D018890276001D2F9E /* ch13_SQLite3Tests.m in Sources */ = {isa = PBXBuildFile; fileRef = 84A322CF18890276001D2F9E /* ch13_SQLite3Tests.m */; };
		84A322DA18890430001D2F9E /* libsqlite3.0.dylib in Frameworks */ = {isa = PBXBuildFile; fileRef = 84A322D918890430001D2F9E /* libsqlite3.0.dylib */; };
/* End PBXBuildFile section */

/* Begin PBXContainerItemProxy section */
		84A322C718890276001D2F9E /* PBXContainerItemProxy */ = {
			isa = PBXContainerItemProxy;
			containerPortal = 84A3229918890276001D2F9E /* Project object */;
			proxyType = 1;
			remoteGlobalIDString = 84A322A018890276001D2F9E;
			remoteInfo = "ch13-SQLite3";
		};
/* End PBXContainerItemProxy section */

/* Begin PBXFileReference section */
		84A322A118890276001D2F9E /* ch13-SQLite3.app */ = {isa = PBXFileReference; explicitFileType = wrapper.application; includeInIndex = 0; path = "ch13-SQLite3.app"; sourceTree = BUILT_PRODUCTS_DIR; };
		84A322A418890276001D2F9E /* Foundation.framework */ = {isa = PBXFileReference; lastKnownFileType = wrapper.framework; name = Foundation.framework; path = System/Library/Frameworks/Foundation.framework; sourceTree = SDKROOT; };
		84A322A618890276001D2F9E /* CoreGraphics.framework */ = {isa = PBXFileReference; lastKnownFileType = wrapper.framework; name = CoreGraphics.framework; path = System/Library/Frameworks/CoreGraphics.framework; sourceTree = SDKROOT; };
		84A322A818890276001D2F9E /* UIKit.framework */ = {isa = PBXFileReference; lastKnownFileType = wrapper.framework; name = UIKit.framework; path = System/Library/Frameworks/UIKit.framework; sourceTree = SDKROOT; };
		84A322AC18890276001D2F9E /* ch13-SQLite3-Info.plist */ = {isa = PBXFileReference; lastKnownFileType = text.plist.xml; path = "ch13-SQLite3-Info.plist"; sourceTree = "<group>"; };
		84A322AE18890276001D2F9E /* en */ = {isa = PBXFileReference; lastKnownFileType = text.plist.strings; name = en; path = en.lproj/InfoPlist.strings; sourceTree = "<group>"; };
		84A322B018890276001D2F9E /* main.m */ = {isa = PBXFileReference; lastKnownFileType = sourcecode.c.objc; path = main.m; sourceTree = "<group>"; };
		84A322B218890276001D2F9E /* ch13-SQLite3-Prefix.pch */ = {isa = PBXFileReference; lastKnownFileType = sourcecode.c.h; path = "ch13-SQLite3-Prefix.pch"; sourceTree = "<group>"; };
		84A322B318890276001D2F9E /* PTNAppDelegate.h */ = {isa = PBXFileReference; lastKnownFileType = sourcecode.c.h; path = PTNAppDelegate.h; sourceTree = "<group>"; };
		84A322B418890276001D2F9E /* PTNAppDelegate.m */ = {isa = PBXFileReference; lastKnownFileType = sourcecode.c.objc; path = PTNAppDelegate.m; sourceTree = "<group>"; };
		84A322B718890276001D2F9E /* Base */ = {isa = PBXFileReference; lastKnownFileType = file.storyboard; name = Base; path = Base.lproj/Main.storyboard; sourceTree = "<group>"; };
		84A322B918890276001D2F9E /* PTNViewController.h */ = {isa = PBXFileReference; lastKnownFileType = sourcecode.c.h; path = PTNViewController.h; sourceTree = "<group>"; };
		84A322BA18890276001D2F9E /* PTNViewController.m */ = {isa = PBXFileReference; lastKnownFileType = sourcecode.c.objc; path = PTNViewController.m; sourceTree = "<group>"; };
		84A322BC18890276001D2F9E /* Images.xcassets */ = {isa = PBXFileReference; lastKnownFileType = folder.assetcatalog; path = Images.xcassets; sourceTree = "<group>"; };
		84A322C218890276001D2F9E /* ch13-SQLite3Tests.xctest */ = {isa = PBXFileReference; explicitFileType = wrapper.cfbundle; includeInIndex = 0; path = "ch13-SQLite3Tests.xctest"; sourceTree = BUILT_PRODUCTS_DIR; };
		84A322C318890276001D2F9E /* XCTest.framework */ = {isa = PBXFileReference; lastKnownFileType = wrapper.framework; name = XCTest.framework; path = Library/Frameworks/XCTest.framework; sourceTree = DEVELOPER_DIR; };
		84A322CB18890276001D2F9E /* ch13-SQLite3Tests-Info.plist */ = {isa = PBXFileReference; lastKnownFileType = text.plist.xml; path = "ch13-SQLite3Tests-Info.plist"; sourceTree = "<group>"; };
		84A322CD18890276001D2F9E /* en */ = {isa = PBXFileReference; lastKnownFileType = text.plist.strings; name = en; path = en.lproj/InfoPlist.strings; sourceTree = "<group>"; };
		84A322CF18890276001D2F9E /* ch13_SQLite3Tests.m */ = {isa = PBXFileReference; lastKnownFileType = sourcecode.c.objc; path = ch13_SQLite3Tests.m; sourceTree = "<group>"; };
		84A322D918890430001D2F9E /* libsqlite3.0.dylib */ = {isa = PBXFileReference; lastKnownFileType = "compiled.mach-o.dylib"; name = libsqlite3.0.dylib; path = usr/lib/libsqlite3.0.dylib; sourceTree = SDKROOT; };
/* End PBXFileReference section */

/* Begin PBXFrameworksBuildPhase section */
		84A3229E18890276001D2F9E /* Frameworks */ = {
			isa = PBXFrameworksBuildPhase;
			buildActionMask = 2147483647;
			files = (
				84A322DA18890430001D2F9E /* libsqlite3.0.dylib in Frameworks */,
				84A322A718890276001D2F9E /* CoreGraphics.framework in Frameworks */,
				84A322A918890276001D2F9E /* UIKit.framework in Frameworks */,
				84A322A518890276001D2F9E /* Foundation.framework in Frameworks */,
			);
			runOnlyForDeploymentPostprocessing = 0;
		};
		84A322BF18890276001D2F9E /* Frameworks */ = {
			isa = PBXFrameworksBuildPhase;
			buildActionMask = 2147483647;
			files = (
				84A322C418890276001D2F9E /* XCTest.framework in Frameworks */,
				84A322C618890276001D2F9E /* UIKit.framework in Frameworks */,
				84A322C518890276001D2F9E /* Foundation.framework in Frameworks */,
			);
			runOnlyForDeploymentPostprocessing = 0;
		};
/* End PBXFrameworksBuildPhase section */

/* Begin PBXGroup section */
		84A3229818890276001D2F9E = {
			isa = PBXGroup;
			children = (
				84A322AA18890276001D2F9E /* ch13-SQLite3 */,
				84A322C918890276001D2F9E /* ch13-SQLite3Tests */,
				84A322A318890276001D2F9E /* Frameworks */,
				84A322A218890276001D2F9E /* Products */,
			);
			sourceTree = "<group>";
		};
		84A322A218890276001D2F9E /* Products */ = {
			isa = PBXGroup;
			children = (
				84A322A118890276001D2F9E /* ch13-SQLite3.app */,
				84A322C218890276001D2F9E /* ch13-SQLite3Tests.xctest */,
			);
			name = Products;
			sourceTree = "<group>";
		};
		84A322A318890276001D2F9E /* Frameworks */ = {
			isa = PBXGroup;
			children = (
				84A322D918890430001D2F9E /* libsqlite3.0.dylib */,
				84A322A418890276001D2F9E /* Foundation.framework */,
				84A322A618890276001D2F9E /* CoreGraphics.framework */,
				84A322A818890276001D2F9E /* UIKit.framework */,
				84A322C318890276001D2F9E /* XCTest.framework */,
			);
			name = Frameworks;
			sourceTree = "<group>";
		};
		84A322AA18890276001D2F9E /* ch13-SQLite3 */ = {
			isa = PBXGroup;
			children = (
				84A322B318890276001D2F9E /* PTNAppDelegate.h */,
				84A322B418890276001D2F9E /* PTNAppDelegate.m */,
				84A322B618890276001D2F9E /* Main.storyboard */,
				84A322B918890276001D2F9E /* PTNViewController.h */,
				84A322BA18890276001D2F9E /* PTNViewController.m */,
				84A322BC18890276001D2F9E /* Images.xcassets */,
				84A322AB18890276001D2F9E /* Supporting Files */,
			);
			path = "ch13-SQLite3";
			sourceTree = "<group>";
		};
		84A322AB18890276001D2F9E /* Supporting Files */ = {
			isa = PBXGroup;
			children = (
				84A322AC18890276001D2F9E /* ch13-SQLite3-Info.plist */,
				84A322AD18890276001D2F9E /* InfoPlist.strings */,
				84A322B018890276001D2F9E /* main.m */,
				84A322B218890276001D2F9E /* ch13-SQLite3-Prefix.pch */,
			);
			name = "Supporting Files";
			sourceTree = "<group>";
		};
		84A322C918890276001D2F9E /* ch13-SQLite3Tests */ = {
			isa = PBXGroup;
			children = (
				84A322CF18890276001D2F9E /* ch13_SQLite3Tests.m */,
				84A322CA18890276001D2F9E /* Supporting Files */,
			);
			path = "ch13-SQLite3Tests";
			sourceTree = "<group>";
		};
		84A322CA18890276001D2F9E /* Supporting Files */ = {
			isa = PBXGroup;
			children = (
				84A322CB18890276001D2F9E /* ch13-SQLite3Tests-Info.plist */,
				84A322CC18890276001D2F9E /* InfoPlist.strings */,
			);
			name = "Supporting Files";
			sourceTree = "<group>";
		};
/* End PBXGroup section */

/* Begin PBXNativeTarget section */
		84A322A018890276001D2F9E /* ch13-SQLite3 */ = {
			isa = PBXNativeTarget;
			buildConfigurationList = 84A322D318890276001D2F9E /* Build configuration list for PBXNativeTarget "ch13-SQLite3" */;
			buildPhases = (
				84A3229D18890276001D2F9E /* Sources */,
				84A3229E18890276001D2F9E /* Frameworks */,
				84A3229F18890276001D2F9E /* Resources */,
			);
			buildRules = (
			);
			dependencies = (
			);
			name = "ch13-SQLite3";
			productName = "ch13-SQLite3";
			productReference = 84A322A118890276001D2F9E /* ch13-SQLite3.app */;
			productType = "com.apple.product-type.application";
		};
		84A322C118890276001D2F9E /* ch13-SQLite3Tests */ = {
			isa = PBXNativeTarget;
			buildConfigurationList = 84A322D618890276001D2F9E /* Build configuration list for PBXNativeTarget "ch13-SQLite3Tests" */;
			buildPhases = (
				84A322BE18890276001D2F9E /* Sources */,
				84A322BF18890276001D2F9E /* Frameworks */,
				84A322C018890276001D2F9E /* Resources */,
			);
			buildRules = (
			);
			dependencies = (
				84A322C818890276001D2F9E /* PBXTargetDependency */,
			);
			name = "ch13-SQLite3Tests";
			productName = "ch13-SQLite3Tests";
			productReference = 84A322C218890276001D2F9E /* ch13-SQLite3Tests.xctest */;
			productType = "com.apple.product-type.bundle.unit-test";
		};
/* End PBXNativeTarget section */

/* Begin PBXProject section */
		84A3229918890276001D2F9E /* Project object */ = {
			isa = PBXProject;
			attributes = {
				CLASSPREFIX = PTN;
				LastUpgradeCheck = 0500;
				ORGANIZATIONNAME = Admin;
				TargetAttributes = {
					84A322C118890276001D2F9E = {
						TestTargetID = 84A322A018890276001D2F9E;
					};
				};
			};
			buildConfigurationList = 84A3229C18890276001D2F9E /* Build configuration list for PBXProject "ch13-SQLite3" */;
			compatibilityVersion = "Xcode 3.2";
			developmentRegion = English;
			hasScannedForEncodings = 0;
			knownRegions = (
				en,
				Base,
			);
			mainGroup = 84A3229818890276001D2F9E;
			productRefGroup = 84A322A218890276001D2F9E /* Products */;
			projectDirPath = "";
			projectRoot = "";
			targets = (
				84A322A018890276001D2F9E /* ch13-SQLite3 */,
				84A322C118890276001D2F9E /* ch13-SQLite3Tests */,
			);
		};
/* End PBXProject section */

/* Begin PBXResourcesBuildPhase section */
		84A3229F18890276001D2F9E /* Resources */ = {
			isa = PBXResourcesBuildPhase;
			buildActionMask = 2147483647;
			files = (
				84A322BD18890276001D2F9E /* Images.xcassets in Resources */,
				84A322AF18890276001D2F9E /* InfoPlist.strings in Resources */,
				84A322B818890276001D2F9E /* Main.storyboard in Resources */,
			);
			runOnlyForDeploymentPostprocessing = 0;
		};
		84A322C018890276001D2F9E /* Resources */ = {
			isa = PBXResourcesBuildPhase;
			buildActionMask = 2147483647;
			files = (
				84A322CE18890276001D2F9E /* InfoPlist.strings in Resources */,
			);
			runOnlyForDeploymentPostprocessing = 0;
		};
/* End PBXResourcesBuildPhase section */

/* Begin PBXSourcesBuildPhase section */
		84A3229D18890276001D2F9E /* Sources */ = {
			isa = PBXSourcesBuildPhase;
			buildActionMask = 2147483647;
			files = (
				84A322BB18890276001D2F9E /* PTNViewController.m in Sources */,
				84A322B118890276001D2F9E /* main.m in Sources */,
				84A322B518890276001D2F9E /* PTNAppDelegate.m in Sources */,
			);
			runOnlyForDeploymentPostprocessing = 0;
		};
		84A322BE18890276001D2F9E /* Sources */ = {
			isa = PBXSourcesBuildPhase;
			buildActionMask = 2147483647;
			files = (
				84A322D018890276001D2F9E /* ch13_SQLite3Tests.m in Sources */,
			);
			runOnlyForDeploymentPostprocessing = 0;
		};
/* End PBXSourcesBuildPhase section */

/* Begin PBXTargetDependency section */
		84A322C818890276001D2F9E /* PBXTargetDependency */ = {
			isa = PBXTargetDependency;
			target = 84A322A018890276001D2F9E /* ch13-SQLite3 */;
			targetProxy = 84A322C718890276001D2F9E /* PBXContainerItemProxy */;
		};
/* End PBXTargetDependency section */

/* Begin PBXVariantGroup section */
		84A322AD18890276001D2F9E /* InfoPlist.strings */ = {
			isa = PBXVariantGroup;
			children = (
				84A322AE18890276001D2F9E /* en */,
			);
			name = InfoPlist.strings;
			sourceTree = "<group>";
		};
		84A322B618890276001D2F9E /* Main.storyboard */ = {
			isa = PBXVariantGroup;
			children = (
				84A322B718890276001D2F9E /* Base */,
			);
			name = Main.storyboard;
			sourceTree = "<group>";
		};
		84A322CC18890276001D2F9E /* InfoPlist.strings */ = {
			isa = PBXVariantGroup;
			children = (
				84A322CD18890276001D2F9E /* en */,
			);
			name = InfoPlist.strings;
			sourceTree = "<group>";
		};
/* End PBXVariantGroup section */

/* Begin XCBuildConfiguration section */
		84A322D118890276001D2F9E /* Debug */ = {
			isa = XCBuildConfiguration;
			buildSettings = {
				ALWAYS_SEARCH_USER_PATHS = NO;
				ARCHS = "$(ARCHS_STANDARD_INCLUDING_64_BIT)";
				CLANG_CXX_LANGUAGE_STANDARD = "gnu++0x";
				CLANG_CXX_LIBRARY = "libc++";
				CLANG_ENABLE_MODULES = YES;
				CLANG_ENABLE_OBJC_ARC = YES;
				CLANG_WARN_BOOL_CONVERSION = YES;
				CLANG_WARN_CONSTANT_CONVERSION = YES;
				CLANG_WARN_DIRECT_OBJC_ISA_USAGE = YES_ERROR;
				CLANG_WARN_EMPTY_BODY = YES;
				CLANG_WARN_ENUM_CONVERSION = YES;
				CLANG_WARN_INT_CONVERSION = YES;
				CLANG_WARN_OBJC_ROOT_CLASS = YES_ERROR;
				CLANG_WARN__DUPLICATE_METHOD_MATCH = YES;
				"CODE_SIGN_IDENTITY[sdk=iphoneos*]" = "iPhone Developer";
				COPY_PHASE_STRIP = NO;
				GCC_C_LANGUAGE_STANDARD = gnu99;
				GCC_DYNAMIC_NO_PIC = NO;
				GCC_OPTIMIZATION_LEVEL = 0;
				GCC_PREPROCESSOR_DEFINITIONS = (
					"DEBUG=1",
					"$(inherited)",
				);
				GCC_SYMBOLS_PRIVATE_EXTERN = NO;
				GCC_WARN_64_TO_32_BIT_CONVERSION = YES;
				GCC_WARN_ABOUT_RETURN_TYPE = YES_ERROR;
				GCC_WARN_UNDECLARED_SELECTOR = YES;
				GCC_WARN_UNINITIALIZED_AUTOS = YES;
				GCC_WARN_UNUSED_FUNCTION = YES;
				GCC_WARN_UNUSED_VARIABLE = YES;
				IPHONEOS_DEPLOYMENT_TARGET = 7.0;
				ONLY_ACTIVE_ARCH = YES;
				SDKROOT = iphoneos;
			};
			name = Debug;
		};
		84A322D218890276001D2F9E /* Release */ = {
			isa = XCBuildConfiguration;
			buildSettings = {
				ALWAYS_SEARCH_USER_PATHS = NO;
				ARCHS = "$(ARCHS_STANDARD_INCLUDING_64_BIT)";
				CLANG_CXX_LANGUAGE_STANDARD = "gnu++0x";
				CLANG_CXX_LIBRARY = "libc++";
				CLANG_ENABLE_MODULES = YES;
				CLANG_ENABLE_OBJC_ARC = YES;
				CLANG_WARN_BOOL_CONVERSION = YES;
				CLANG_WARN_CONSTANT_CONVERSION = YES;
				CLANG_WARN_DIRECT_OBJC_ISA_USAGE = YES_ERROR;
				CLANG_WARN_EMPTY_BODY = YES;
				CLANG_WARN_ENUM_CONVERSION = YES;
				CLANG_WARN_INT_CONVERSION = YES;
				CLANG_WARN_OBJC_ROOT_CLASS = YES_ERROR;
				CLANG_WARN__DUPLICATE_METHOD_MATCH = YES;
				"CODE_SIGN_IDENTITY[sdk=iphoneos*]" = "iPhone Developer";
				COPY_PHASE_STRIP = YES;
				ENABLE_NS_ASSERTIONS = NO;
				GCC_C_LANGUAGE_STANDARD = gnu99;
				GCC_WARN_64_TO_32_BIT_CONVERSION = YES;
				GCC_WARN_ABOUT_RETURN_TYPE = YES_ERROR;
				GCC_WARN_UNDECLARED_SELECTOR = YES;
				GCC_WARN_UNINITIALIZED_AUTOS = YES;
				GCC_WARN_UNUSED_FUNCTION = YES;
				GCC_WARN_UNUSED_VARIABLE = YES;
				IPHONEOS_DEPLOYMENT_TARGET = 7.0;
				SDKROOT = iphoneos;
				VALIDATE_PRODUCT = YES;
			};
			name = Release;
		};
		84A322D418890276001D2F9E /* Debug */ = {
			isa = XCBuildConfiguration;
			buildSettings = {
				ASSETCATALOG_COMPILER_APPICON_NAME = AppIcon;
				ASSETCATALOG_COMPILER_LAUNCHIMAGE_NAME = LaunchImage;
				GCC_PRECOMPILE_PREFIX_HEADER = YES;
				GCC_PREFIX_HEADER = "ch13-SQLite3/ch13-SQLite3-Prefix.pch";
				INFOPLIST_FILE = "ch13-SQLite3/ch13-SQLite3-Info.plist";
				PRODUCT_NAME = "$(TARGET_NAME)";
				WRAPPER_EXTENSION = app;
			};
			name = Debug;
		};
		84A322D518890276001D2F9E /* Release */ = {
			isa = XCBuildConfiguration;
			buildSettings = {
				ASSETCATALOG_COMPILER_APPICON_NAME = AppIcon;
				ASSETCATALOG_COMPILER_LAUNCHIMAGE_NAME = LaunchImage;
				GCC_PRECOMPILE_PREFIX_HEADER = YES;
				GCC_PREFIX_HEADER = "ch13-SQLite3/ch13-SQLite3-Prefix.pch";
				INFOPLIST_FILE = "ch13-SQLite3/ch13-SQLite3-Info.plist";
				PRODUCT_NAME = "$(TARGET_NAME)";
				WRAPPER_EXTENSION = app;
			};
			name = Release;
		};
		84A322D718890276001D2F9E /* Debug */ = {
			isa = XCBuildConfiguration;
			buildSettings = {
				ARCHS = "$(ARCHS_STANDARD_INCLUDING_64_BIT)";
				BUNDLE_LOADER = "$(BUILT_PRODUCTS_DIR)/ch13-SQLite3.app/ch13-SQLite3";
				FRAMEWORK_SEARCH_PATHS = (
					"$(SDKROOT)/Developer/Library/Frameworks",
					"$(inherited)",
					"$(DEVELOPER_FRAMEWORKS_DIR)",
				);
				GCC_PRECOMPILE_PREFIX_HEADER = YES;
				GCC_PREFIX_HEADER = "ch13-SQLite3/ch13-SQLite3-Prefix.pch";
				GCC_PREPROCESSOR_DEFINITIONS = (
					"DEBUG=1",
					"$(inherited)",
				);
				INFOPLIST_FILE = "ch13-SQLite3Tests/ch13-SQLite3Tests-Info.plist";
				PRODUCT_NAME = "$(TARGET_NAME)";
				TEST_HOST = "$(BUNDLE_LOADER)";
				WRAPPER_EXTENSION = xctest;
			};
			name = Debug;
		};
		84A322D818890276001D2F9E /* Release */ = {
			isa = XCBuildConfiguration;
			buildSettings = {
				ARCHS = "$(ARCHS_STANDARD_INCLUDING_64_BIT)";
				BUNDLE_LOADER = "$(BUILT_PRODUCTS_DIR)/ch13-SQLite3.app/ch13-SQLite3";
				FRAMEWORK_SEARCH_PATHS = (
					"$(SDKROOT)/Developer/Library/Frameworks",
					"$(inherited)",
					"$(DEVELOPER_FRAMEWORKS_DIR)",
				);
				GCC_PRECOMPILE_PREFIX_HEADER = YES;
				GCC_PREFIX_HEADER = "ch13-SQLite3/ch13-SQLite3-Prefix.pch";
				INFOPLIST_FILE = "ch13-SQLite3Tests/ch13-SQLite3Tests-Info.plist";
				PRODUCT_NAME = "$(TARGET_NAME)";
				TEST_HOST = "$(BUNDLE_LOADER)";
				WRAPPER_EXTENSION = xctest;
			};
			name = Release;
		};
/* End XCBuildConfiguration section */

/* Begin XCConfigurationList section */
		84A3229C18890276001D2F9E /* Build configuration list for PBXProject "ch13-SQLite3" */ = {
			isa = XCConfigurationList;
			buildConfigurations = (
				84A322D118890276001D2F9E /* Debug */,
				84A322D218890276001D2F9E /* Release */,
			);
			defaultConfigurationIsVisible = 0;
			defaultConfigurationName = Release;
		};
		84A322D318890276001D2F9E /* Build configuration list for PBXNativeTarget "ch13-SQLite3" */ = {
			isa = XCConfigurationList;
			buildConfigurations = (
				84A322D418890276001D2F9E /* Debug */,
				84A322D518890276001D2F9E /* Release */,
			);
			defaultConfigurationIsVisible = 0;
		};
		84A322D618890276001D2F9E /* Build configuration list for PBXNativeTarget "ch13-SQLite3Tests" */ = {
			isa = XCConfigurationList;
			buildConfigurations = (
				84A322D718890276001D2F9E /* Debug */,
				84A322D818890276001D2F9E /* Release */,
			);
			defaultConfigurationIsVisible = 0;
		};
/* End XCConfigurationList section */
	};
	rootObject = 84A3229918890276001D2F9E /* Project object */;
}
