// !$*UTF8*$!
{
	archiveVersion = 1;
	classes = {
	};
	objectVersion = 46;
	objects = {

/* Begin PBXBuildFile section */
		84F03196188F889F0051D571 /* Foundation.framework in Frameworks */ = {isa = PBXBuildFile; fileRef = 84F03195188F889F0051D571 /* Foundation.framework */; };
		84F03198188F889F0051D571 /* CoreGraphics.framework in Frameworks */ = {isa = PBXBuildFile; fileRef = 84F03197188F889F0051D571 /* CoreGraphics.framework */; };
		84F0319A188F889F0051D571 /* UIKit.framework in Frameworks */ = {isa = PBXBuildFile; fileRef = 84F03199188F889F0051D571 /* UIKit.framework */; };
		84F031A0188F889F0051D571 /* InfoPlist.strings in Resources */ = {isa = PBXBuildFile; fileRef = 84F0319E188F889F0051D571 /* InfoPlist.strings */; };
		84F031A2188F88A00051D571 /* main.m in Sources */ = {isa = PBXBuildFile; fileRef = 84F031A1188F88A00051D571 /* main.m */; };
		84F031A6188F88A00051D571 /* PTNAppDelegate.m in Sources */ = {isa = PBXBuildFile; fileRef = 84F031A5188F88A00051D571 /* PTNAppDelegate.m */; };
		84F031A8188F88A00051D571 /* Images.xcassets in Resources */ = {isa = PBXBuildFile; fileRef = 84F031A7188F88A00051D571 /* Images.xcassets */; };
		84F031AF188F88A00051D571 /* XCTest.framework in Frameworks */ = {isa = PBXBuildFile; fileRef = 84F031AE188F88A00051D571 /* XCTest.framework */; };
		84F031B0188F88A00051D571 /* Foundation.framework in Frameworks */ = {isa = PBXBuildFile; fileRef = 84F03195188F889F0051D571 /* Foundation.framework */; };
		84F031B1188F88A00051D571 /* UIKit.framework in Frameworks */ = {isa = PBXBuildFile; fileRef = 84F03199188F889F0051D571 /* UIKit.framework */; };
		84F031B9188F88A00051D571 /* InfoPlist.strings in Resources */ = {isa = PBXBuildFile; fileRef = 84F031B7188F88A00051D571 /* InfoPlist.strings */; };
		84F031BB188F88A00051D571 /* vswpersonsTests.m in Sources */ = {isa = PBXBuildFile; fileRef = 84F031BA188F88A00051D571 /* vswpersonsTests.m */; };
		84F031C8188F88D00051D571 /* PTNPersonsViewController.m in Sources */ = {isa = PBXBuildFile; fileRef = 84F031C7188F88D00051D571 /* PTNPersonsViewController.m */; };
		84F031CA188F89200051D571 /* PTNPersonsViewController.xib in Resources */ = {isa = PBXBuildFile; fileRef = 84F031C9188F89200051D571 /* PTNPersonsViewController.xib */; };
		84F031D9188F96710051D571 /* ps.binary.plist in Resources */ = {isa = PBXBuildFile; fileRef = 84F031D8188F96710051D571 /* ps.binary.plist */; };
		84F031DD188FA9460051D571 /* PTNDetailPersonViewController.m in Sources */ = {isa = PBXBuildFile; fileRef = 84F031DB188FA9460051D571 /* PTNDetailPersonViewController.m */; };
		84F031DE188FA9460051D571 /* PTNDetailPersonViewController.xib in Resources */ = {isa = PBXBuildFile; fileRef = 84F031DC188FA9460051D571 /* PTNDetailPersonViewController.xib */; };
/* End PBXBuildFile section */

/* Begin PBXContainerItemProxy section */
		84F031B2188F88A00051D571 /* PBXContainerItemProxy */ = {
			isa = PBXContainerItemProxy;
			containerPortal = 84F0318A188F889F0051D571 /* Project object */;
			proxyType = 1;
			remoteGlobalIDString = 84F03191188F889F0051D571;
			remoteInfo = vswpersons;
		};
/* End PBXContainerItemProxy section */

/* Begin PBXFileReference section */
		84F03192188F889F0051D571 /* vswpersons.app */ = {isa = PBXFileReference; explicitFileType = wrapper.application; includeInIndex = 0; path = vswpersons.app; sourceTree = BUILT_PRODUCTS_DIR; };
		84F03195188F889F0051D571 /* Foundation.framework */ = {isa = PBXFileReference; lastKnownFileType = wrapper.framework; name = Foundation.framework; path = System/Library/Frameworks/Foundation.framework; sourceTree = SDKROOT; };
		84F03197188F889F0051D571 /* CoreGraphics.framework */ = {isa = PBXFileReference; lastKnownFileType = wrapper.framework; name = CoreGraphics.framework; path = System/Library/Frameworks/CoreGraphics.framework; sourceTree = SDKROOT; };
		84F03199188F889F0051D571 /* UIKit.framework */ = {isa = PBXFileReference; lastKnownFileType = wrapper.framework; name = UIKit.framework; path = System/Library/Frameworks/UIKit.framework; sourceTree = SDKROOT; };
		84F0319D188F889F0051D571 /* vswpersons-Info.plist */ = {isa = PBXFileReference; lastKnownFileType = text.plist.xml; path = "vswpersons-Info.plist"; sourceTree = "<group>"; };
		84F0319F188F889F0051D571 /* en */ = {isa = PBXFileReference; lastKnownFileType = text.plist.strings; name = en; path = en.lproj/InfoPlist.strings; sourceTree = "<group>"; };
		84F031A1188F88A00051D571 /* main.m */ = {isa = PBXFileReference; lastKnownFileType = sourcecode.c.objc; path = main.m; sourceTree = "<group>"; };
		84F031A3188F88A00051D571 /* vswpersons-Prefix.pch */ = {isa = PBXFileReference; lastKnownFileType = sourcecode.c.h; path = "vswpersons-Prefix.pch"; sourceTree = "<group>"; };
		84F031A4188F88A00051D571 /* PTNAppDelegate.h */ = {isa = PBXFileReference; lastKnownFileType = sourcecode.c.h; path = PTNAppDelegate.h; sourceTree = "<group>"; };
		84F031A5188F88A00051D571 /* PTNAppDelegate.m */ = {isa = PBXFileReference; lastKnownFileType = sourcecode.c.objc; path = PTNAppDelegate.m; sourceTree = "<group>"; };
		84F031A7188F88A00051D571 /* Images.xcassets */ = {isa = PBXFileReference; lastKnownFileType = folder.assetcatalog; path = Images.xcassets; sourceTree = "<group>"; };
		84F031AD188F88A00051D571 /* vswpersonsTests.xctest */ = {isa = PBXFileReference; explicitFileType = wrapper.cfbundle; includeInIndex = 0; path = vswpersonsTests.xctest; sourceTree = BUILT_PRODUCTS_DIR; };
		84F031AE188F88A00051D571 /* XCTest.framework */ = {isa = PBXFileReference; lastKnownFileType = wrapper.framework; name = XCTest.framework; path = Library/Frameworks/XCTest.framework; sourceTree = DEVELOPER_DIR; };
		84F031B6188F88A00051D571 /* vswpersonsTests-Info.plist */ = {isa = PBXFileReference; lastKnownFileType = text.plist.xml; path = "vswpersonsTests-Info.plist"; sourceTree = "<group>"; };
		84F031B8188F88A00051D571 /* en */ = {isa = PBXFileReference; lastKnownFileType = text.plist.strings; name = en; path = en.lproj/InfoPlist.strings; sourceTree = "<group>"; };
		84F031BA188F88A00051D571 /* vswpersonsTests.m */ = {isa = PBXFileReference; lastKnownFileType = sourcecode.c.objc; path = vswpersonsTests.m; sourceTree = "<group>"; };
		84F031C6188F88D00051D571 /* PTNPersonsViewController.h */ = {isa = PBXFileReference; fileEncoding = 4; lastKnownFileType = sourcecode.c.h; path = PTNPersonsViewController.h; sourceTree = "<group>"; };
		84F031C7188F88D00051D571 /* PTNPersonsViewController.m */ = {isa = PBXFileReference; fileEncoding = 4; lastKnownFileType = sourcecode.c.objc; path = PTNPersonsViewController.m; sourceTree = "<group>"; };
		84F031C9188F89200051D571 /* PTNPersonsViewController.xib */ = {isa = PBXFileReference; fileEncoding = 4; lastKnownFileType = file.xib; path = PTNPersonsViewController.xib; sourceTree = "<group>"; };
		84F031D8188F96710051D571 /* ps.binary.plist */ = {isa = PBXFileReference; lastKnownFileType = file.bplist; path = ps.binary.plist; sourceTree = "<group>"; };
		84F031DA188FA9460051D571 /* PTNDetailPersonViewController.h */ = {isa = PBXFileReference; fileEncoding = 4; lastKnownFileType = sourcecode.c.h; path = PTNDetailPersonViewController.h; sourceTree = "<group>"; };
		84F031DB188FA9460051D571 /* PTNDetailPersonViewController.m */ = {isa = PBXFileReference; fileEncoding = 4; lastKnownFileType = sourcecode.c.objc; path = PTNDetailPersonViewController.m; sourceTree = "<group>"; };
		84F031DC188FA9460051D571 /* PTNDetailPersonViewController.xib */ = {isa = PBXFileReference; fileEncoding = 4; lastKnownFileType = file.xib; path = PTNDetailPersonViewController.xib; sourceTree = "<group>"; };
/* End PBXFileReference section */

/* Begin PBXFrameworksBuildPhase section */
		84F0318F188F889F0051D571 /* Frameworks */ = {
			isa = PBXFrameworksBuildPhase;
			buildActionMask = 2147483647;
			files = (
				84F03198188F889F0051D571 /* CoreGraphics.framework in Frameworks */,
				84F0319A188F889F0051D571 /* UIKit.framework in Frameworks */,
				84F03196188F889F0051D571 /* Foundation.framework in Frameworks */,
			);
			runOnlyForDeploymentPostprocessing = 0;
		};
		84F031AA188F88A00051D571 /* Frameworks */ = {
			isa = PBXFrameworksBuildPhase;
			buildActionMask = 2147483647;
			files = (
				84F031AF188F88A00051D571 /* XCTest.framework in Frameworks */,
				84F031B1188F88A00051D571 /* UIKit.framework in Frameworks */,
				84F031B0188F88A00051D571 /* Foundation.framework in Frameworks */,
			);
			runOnlyForDeploymentPostprocessing = 0;
		};
/* End PBXFrameworksBuildPhase section */

/* Begin PBXGroup section */
		84F03189188F889F0051D571 = {
			isa = PBXGroup;
			children = (
				84F0319B188F889F0051D571 /* vswpersons */,
				84F031B4188F88A00051D571 /* vswpersonsTests */,
				84F03194188F889F0051D571 /* Frameworks */,
				84F03193188F889F0051D571 /* Products */,
			);
			sourceTree = "<group>";
		};
		84F03193188F889F0051D571 /* Products */ = {
			isa = PBXGroup;
			children = (
				84F03192188F889F0051D571 /* vswpersons.app */,
				84F031AD188F88A00051D571 /* vswpersonsTests.xctest */,
			);
			name = Products;
			sourceTree = "<group>";
		};
		84F03194188F889F0051D571 /* Frameworks */ = {
			isa = PBXGroup;
			children = (
				84F03195188F889F0051D571 /* Foundation.framework */,
				84F03197188F889F0051D571 /* CoreGraphics.framework */,
				84F03199188F889F0051D571 /* UIKit.framework */,
				84F031AE188F88A00051D571 /* XCTest.framework */,
			);
			name = Frameworks;
			sourceTree = "<group>";
		};
		84F0319B188F889F0051D571 /* vswpersons */ = {
			isa = PBXGroup;
			children = (
				84F031D8188F96710051D571 /* ps.binary.plist */,
				84F031A4188F88A00051D571 /* PTNAppDelegate.h */,
				84F031A5188F88A00051D571 /* PTNAppDelegate.m */,
				84F031A7188F88A00051D571 /* Images.xcassets */,
				84F0319C188F889F0051D571 /* Supporting Files */,
				84F031C6188F88D00051D571 /* PTNPersonsViewController.h */,
				84F031C7188F88D00051D571 /* PTNPersonsViewController.m */,
				84F031C9188F89200051D571 /* PTNPersonsViewController.xib */,
				84F031DA188FA9460051D571 /* PTNDetailPersonViewController.h */,
				84F031DB188FA9460051D571 /* PTNDetailPersonViewController.m */,
				84F031DC188FA9460051D571 /* PTNDetailPersonViewController.xib */,
			);
			path = vswpersons;
			sourceTree = "<group>";
		};
		84F0319C188F889F0051D571 /* Supporting Files */ = {
			isa = PBXGroup;
			children = (
				84F0319D188F889F0051D571 /* vswpersons-Info.plist */,
				84F0319E188F889F0051D571 /* InfoPlist.strings */,
				84F031A1188F88A00051D571 /* main.m */,
				84F031A3188F88A00051D571 /* vswpersons-Prefix.pch */,
			);
			name = "Supporting Files";
			sourceTree = "<group>";
		};
		84F031B4188F88A00051D571 /* vswpersonsTests */ = {
			isa = PBXGroup;
			children = (
				84F031BA188F88A00051D571 /* vswpersonsTests.m */,
				84F031B5188F88A00051D571 /* Supporting Files */,
			);
			path = vswpersonsTests;
			sourceTree = "<group>";
		};
		84F031B5188F88A00051D571 /* Supporting Files */ = {
			isa = PBXGroup;
			children = (
				84F031B6188F88A00051D571 /* vswpersonsTests-Info.plist */,
				84F031B7188F88A00051D571 /* InfoPlist.strings */,
			);
			name = "Supporting Files";
			sourceTree = "<group>";
		};
/* End PBXGroup section */

/* Begin PBXNativeTarget section */
		84F03191188F889F0051D571 /* vswpersons */ = {
			isa = PBXNativeTarget;
			buildConfigurationList = 84F031BE188F88A00051D571 /* Build configuration list for PBXNativeTarget "vswpersons" */;
			buildPhases = (
				84F0318E188F889F0051D571 /* Sources */,
				84F0318F188F889F0051D571 /* Frameworks */,
				84F03190188F889F0051D571 /* Resources */,
			);
			buildRules = (
			);
			dependencies = (
			);
			name = vswpersons;
			productName = vswpersons;
			productReference = 84F03192188F889F0051D571 /* vswpersons.app */;
			productType = "com.apple.product-type.application";
		};
		84F031AC188F88A00051D571 /* vswpersonsTests */ = {
			isa = PBXNativeTarget;
			buildConfigurationList = 84F031C1188F88A00051D571 /* Build configuration list for PBXNativeTarget "vswpersonsTests" */;
			buildPhases = (
				84F031A9188F88A00051D571 /* Sources */,
				84F031AA188F88A00051D571 /* Frameworks */,
				84F031AB188F88A00051D571 /* Resources */,
			);
			buildRules = (
			);
			dependencies = (
				84F031B3188F88A00051D571 /* PBXTargetDependency */,
			);
			name = vswpersonsTests;
			productName = vswpersonsTests;
			productReference = 84F031AD188F88A00051D571 /* vswpersonsTests.xctest */;
			productType = "com.apple.product-type.bundle.unit-test";
		};
/* End PBXNativeTarget section */

/* Begin PBXProject section */
		84F0318A188F889F0051D571 /* Project object */ = {
			isa = PBXProject;
			attributes = {
				CLASSPREFIX = PTN;
				LastUpgradeCheck = 0500;
				ORGANIZATIONNAME = Admin;
				TargetAttributes = {
					84F031AC188F88A00051D571 = {
						TestTargetID = 84F03191188F889F0051D571;
					};
				};
			};
			buildConfigurationList = 84F0318D188F889F0051D571 /* Build configuration list for PBXProject "vswpersons" */;
			compatibilityVersion = "Xcode 3.2";
			developmentRegion = English;
			hasScannedForEncodings = 0;
			knownRegions = (
				en,
			);
			mainGroup = 84F03189188F889F0051D571;
			productRefGroup = 84F03193188F889F0051D571 /* Products */;
			projectDirPath = "";
			projectRoot = "";
			targets = (
				84F03191188F889F0051D571 /* vswpersons */,
				84F031AC188F88A00051D571 /* vswpersonsTests */,
			);
		};
/* End PBXProject section */

/* Begin PBXResourcesBuildPhase section */
		84F03190188F889F0051D571 /* Resources */ = {
			isa = PBXResourcesBuildPhase;
			buildActionMask = 2147483647;
			files = (
				84F031DE188FA9460051D571 /* PTNDetailPersonViewController.xib in Resources */,
				84F031CA188F89200051D571 /* PTNPersonsViewController.xib in Resources */,
				84F031A0188F889F0051D571 /* InfoPlist.strings in Resources */,
				84F031D9188F96710051D571 /* ps.binary.plist in Resources */,
				84F031A8188F88A00051D571 /* Images.xcassets in Resources */,
			);
			runOnlyForDeploymentPostprocessing = 0;
		};
		84F031AB188F88A00051D571 /* Resources */ = {
			isa = PBXResourcesBuildPhase;
			buildActionMask = 2147483647;
			files = (
				84F031B9188F88A00051D571 /* InfoPlist.strings in Resources */,
			);
			runOnlyForDeploymentPostprocessing = 0;
		};
/* End PBXResourcesBuildPhase section */

/* Begin PBXSourcesBuildPhase section */
		84F0318E188F889F0051D571 /* Sources */ = {
			isa = PBXSourcesBuildPhase;
			buildActionMask = 2147483647;
			files = (
				84F031A2188F88A00051D571 /* main.m in Sources */,
				84F031DD188FA9460051D571 /* PTNDetailPersonViewController.m in Sources */,
				84F031A6188F88A00051D571 /* PTNAppDelegate.m in Sources */,
				84F031C8188F88D00051D571 /* PTNPersonsViewController.m in Sources */,
			);
			runOnlyForDeploymentPostprocessing = 0;
		};
		84F031A9188F88A00051D571 /* Sources */ = {
			isa = PBXSourcesBuildPhase;
			buildActionMask = 2147483647;
			files = (
				84F031BB188F88A00051D571 /* vswpersonsTests.m in Sources */,
			);
			runOnlyForDeploymentPostprocessing = 0;
		};
/* End PBXSourcesBuildPhase section */

/* Begin PBXTargetDependency section */
		84F031B3188F88A00051D571 /* PBXTargetDependency */ = {
			isa = PBXTargetDependency;
			target = 84F03191188F889F0051D571 /* vswpersons */;
			targetProxy = 84F031B2188F88A00051D571 /* PBXContainerItemProxy */;
		};
/* End PBXTargetDependency section */

/* Begin PBXVariantGroup section */
		84F0319E188F889F0051D571 /* InfoPlist.strings */ = {
			isa = PBXVariantGroup;
			children = (
				84F0319F188F889F0051D571 /* en */,
			);
			name = InfoPlist.strings;
			sourceTree = "<group>";
		};
		84F031B7188F88A00051D571 /* InfoPlist.strings */ = {
			isa = PBXVariantGroup;
			children = (
				84F031B8188F88A00051D571 /* en */,
			);
			name = InfoPlist.strings;
			sourceTree = "<group>";
		};
/* End PBXVariantGroup section */

/* Begin XCBuildConfiguration section */
		84F031BC188F88A00051D571 /* Debug */ = {
			isa = XCBuildConfiguration;
			buildSettings = {
				ALWAYS_SEARCH_USER_PATHS = NO;
				ARCHS = "$(ARCHS_STANDARD_INCLUDING_64_BIT)";
				CLANG_CXX_LANGUAGE_STANDARD = "gnu++0x";
				CLANG_CXX_LIBRARY = "libc++";
				CLANG_ENABLE_MODULES = YES;
				CLANG_ENABLE_OBJC_ARC = YES;
				CLANG_WARN_BOOL_CONVERSION = YES;
				CLANG_WARN_CONSTANT_CONVERSION = YES;
				CLANG_WARN_DIRECT_OBJC_ISA_USAGE = YES_ERROR;
				CLANG_WARN_EMPTY_BODY = YES;
				CLANG_WARN_ENUM_CONVERSION = YES;
				CLANG_WARN_INT_CONVERSION = YES;
				CLANG_WARN_OBJC_ROOT_CLASS = YES_ERROR;
				CLANG_WARN__DUPLICATE_METHOD_MATCH = YES;
				"CODE_SIGN_IDENTITY[sdk=iphoneos*]" = "iPhone Developer";
				COPY_PHASE_STRIP = NO;
				GCC_C_LANGUAGE_STANDARD = gnu99;
				GCC_DYNAMIC_NO_PIC = NO;
				GCC_OPTIMIZATION_LEVEL = 0;
				GCC_PREPROCESSOR_DEFINITIONS = (
					"DEBUG=1",
					"$(inherited)",
				);
				GCC_SYMBOLS_PRIVATE_EXTERN = NO;
				GCC_WARN_64_TO_32_BIT_CONVERSION = YES;
				GCC_WARN_ABOUT_RETURN_TYPE = YES_ERROR;
				GCC_WARN_UNDECLARED_SELECTOR = YES;
				GCC_WARN_UNINITIALIZED_AUTOS = YES;
				GCC_WARN_UNUSED_FUNCTION = YES;
				GCC_WARN_UNUSED_VARIABLE = YES;
				IPHONEOS_DEPLOYMENT_TARGET = 7.0;
				ONLY_ACTIVE_ARCH = YES;
				SDKROOT = iphoneos;
			};
			name = Debug;
		};
		84F031BD188F88A00051D571 /* Release */ = {
			isa = XCBuildConfiguration;
			buildSettings = {
				ALWAYS_SEARCH_USER_PATHS = NO;
				ARCHS = "$(ARCHS_STANDARD_INCLUDING_64_BIT)";
				CLANG_CXX_LANGUAGE_STANDARD = "gnu++0x";
				CLANG_CXX_LIBRARY = "libc++";
				CLANG_ENABLE_MODULES = YES;
				CLANG_ENABLE_OBJC_ARC = YES;
				CLANG_WARN_BOOL_CONVERSION = YES;
				CLANG_WARN_CONSTANT_CONVERSION = YES;
				CLANG_WARN_DIRECT_OBJC_ISA_USAGE = YES_ERROR;
				CLANG_WARN_EMPTY_BODY = YES;
				CLANG_WARN_ENUM_CONVERSION = YES;
				CLANG_WARN_INT_CONVERSION = YES;
				CLANG_WARN_OBJC_ROOT_CLASS = YES_ERROR;
				CLANG_WARN__DUPLICATE_METHOD_MATCH = YES;
				"CODE_SIGN_IDENTITY[sdk=iphoneos*]" = "iPhone Developer";
				COPY_PHASE_STRIP = YES;
				ENABLE_NS_ASSERTIONS = NO;
				GCC_C_LANGUAGE_STANDARD = gnu99;
				GCC_WARN_64_TO_32_BIT_CONVERSION = YES;
				GCC_WARN_ABOUT_RETURN_TYPE = YES_ERROR;
				GCC_WARN_UNDECLARED_SELECTOR = YES;
				GCC_WARN_UNINITIALIZED_AUTOS = YES;
				GCC_WARN_UNUSED_FUNCTION = YES;
				GCC_WARN_UNUSED_VARIABLE = YES;
				IPHONEOS_DEPLOYMENT_TARGET = 7.0;
				SDKROOT = iphoneos;
				VALIDATE_PRODUCT = YES;
			};
			name = Release;
		};
		84F031BF188F88A00051D571 /* Debug */ = {
			isa = XCBuildConfiguration;
			buildSettings = {
				ASSETCATALOG_COMPILER_APPICON_NAME = AppIcon;
				ASSETCATALOG_COMPILER_LAUNCHIMAGE_NAME = LaunchImage;
				GCC_PRECOMPILE_PREFIX_HEADER = YES;
				GCC_PREFIX_HEADER = "vswpersons/vswpersons-Prefix.pch";
				INFOPLIST_FILE = "vswpersons/vswpersons-Info.plist";
				PRODUCT_NAME = "$(TARGET_NAME)";
				WRAPPER_EXTENSION = app;
			};
			name = Debug;
		};
		84F031C0188F88A00051D571 /* Release */ = {
			isa = XCBuildConfiguration;
			buildSettings = {
				ASSETCATALOG_COMPILER_APPICON_NAME = AppIcon;
				ASSETCATALOG_COMPILER_LAUNCHIMAGE_NAME = LaunchImage;
				GCC_PRECOMPILE_PREFIX_HEADER = YES;
				GCC_PREFIX_HEADER = "vswpersons/vswpersons-Prefix.pch";
				INFOPLIST_FILE = "vswpersons/vswpersons-Info.plist";
				PRODUCT_NAME = "$(TARGET_NAME)";
				WRAPPER_EXTENSION = app;
			};
			name = Release;
		};
		84F031C2188F88A00051D571 /* Debug */ = {
			isa = XCBuildConfiguration;
			buildSettings = {
				ARCHS = "$(ARCHS_STANDARD_INCLUDING_64_BIT)";
				BUNDLE_LOADER = "$(BUILT_PRODUCTS_DIR)/vswpersons.app/vswpersons";
				FRAMEWORK_SEARCH_PATHS = (
					"$(SDKROOT)/Developer/Library/Frameworks",
					"$(inherited)",
					"$(DEVELOPER_FRAMEWORKS_DIR)",
				);
				GCC_PRECOMPILE_PREFIX_HEADER = YES;
				GCC_PREFIX_HEADER = "vswpersons/vswpersons-Prefix.pch";
				GCC_PREPROCESSOR_DEFINITIONS = (
					"DEBUG=1",
					"$(inherited)",
				);
				INFOPLIST_FILE = "vswpersonsTests/vswpersonsTests-Info.plist";
				PRODUCT_NAME = "$(TARGET_NAME)";
				TEST_HOST = "$(BUNDLE_LOADER)";
				WRAPPER_EXTENSION = xctest;
			};
			name = Debug;
		};
		84F031C3188F88A00051D571 /* Release */ = {
			isa = XCBuildConfiguration;
			buildSettings = {
				ARCHS = "$(ARCHS_STANDARD_INCLUDING_64_BIT)";
				BUNDLE_LOADER = "$(BUILT_PRODUCTS_DIR)/vswpersons.app/vswpersons";
				FRAMEWORK_SEARCH_PATHS = (
					"$(SDKROOT)/Developer/Library/Frameworks",
					"$(inherited)",
					"$(DEVELOPER_FRAMEWORKS_DIR)",
				);
				GCC_PRECOMPILE_PREFIX_HEADER = YES;
				GCC_PREFIX_HEADER = "vswpersons/vswpersons-Prefix.pch";
				INFOPLIST_FILE = "vswpersonsTests/vswpersonsTests-Info.plist";
				PRODUCT_NAME = "$(TARGET_NAME)";
				TEST_HOST = "$(BUNDLE_LOADER)";
				WRAPPER_EXTENSION = xctest;
			};
			name = Release;
		};
/* End XCBuildConfiguration section */

/* Begin XCConfigurationList section */
		84F0318D188F889F0051D571 /* Build configuration list for PBXProject "vswpersons" */ = {
			isa = XCConfigurationList;
			buildConfigurations = (
				84F031BC188F88A00051D571 /* Debug */,
				84F031BD188F88A00051D571 /* Release */,
			);
			defaultConfigurationIsVisible = 0;
			defaultConfigurationName = Release;
		};
		84F031BE188F88A00051D571 /* Build configuration list for PBXNativeTarget "vswpersons" */ = {
			isa = XCConfigurationList;
			buildConfigurations = (
				84F031BF188F88A00051D571 /* Debug */,
				84F031C0188F88A00051D571 /* Release */,
			);
			defaultConfigurationIsVisible = 0;
		};
		84F031C1188F88A00051D571 /* Build configuration list for PBXNativeTarget "vswpersonsTests" */ = {
			isa = XCConfigurationList;
			buildConfigurations = (
				84F031C2188F88A00051D571 /* Debug */,
				84F031C3188F88A00051D571 /* Release */,
			);
			defaultConfigurationIsVisible = 0;
		};
/* End XCConfigurationList section */
	};
	rootObject = 84F0318A188F889F0051D571 /* Project object */;
}
